{
  "version": 4,
  "terraform_version": "1.9.3",
  "serial": 9,
  "lineage": "29898d8d-01bc-7071-cbd6-27e4c32fcecf",
  "outputs": {},
  "resources": [
    {
      "mode": "managed",
      "type": "azurerm_resource_group",
      "name": "rg",
      "provider": "provider[\"registry.terraform.io/hashicorp/azurerm\"]",
      "instances": [
        {
          "schema_version": 0,
          "attributes": {
            "id": "/subscriptions/d0709ec7-b9bd-4c5c-a45f-d3ff43003015/resourceGroups/rg-terraform",
            "location": "brazilsouth",
            "managed_by": "",
            "name": "rg-terraform",
            "tags": {},
            "timeouts": null
          },
          "sensitive_attributes": [],
          "private": "eyJlMmJmYjczMC1lY2FhLTExZTYtOGY4OC0zNDM2M2JjN2M0YzAiOnsiY3JlYXRlIjo1NDAwMDAwMDAwMDAwLCJkZWxldGUiOjU0MDAwMDAwMDAwMDAsInJlYWQiOjMwMDAwMDAwMDAwMCwidXBkYXRlIjo1NDAwMDAwMDAwMDAwfX0="
        }
      ]
    },
    {
      "module": "module.network",
      "mode": "managed",
      "type": "azurerm_network_interface",
      "name": "nic",
      "provider": "provider[\"registry.terraform.io/hashicorp/azurerm\"]",
      "instances": [
        {
          "schema_version": 0,
          "attributes": {
            "accelerated_networking_enabled": false,
            "applied_dns_servers": [],
            "auxiliary_mode": "",
            "auxiliary_sku": "",
            "dns_servers": [],
            "edge_zone": "",
            "enable_accelerated_networking": false,
            "enable_ip_forwarding": false,
            "id": "/subscriptions/d0709ec7-b9bd-4c5c-a45f-d3ff43003015/resourceGroups/rg-terraform/providers/Microsoft.Network/networkInterfaces/wordpress-nic",
            "internal_dns_name_label": "",
            "internal_domain_name_suffix": "24nke5azgcme1gg1np0eipsboa.nx.internal.cloudapp.net",
            "ip_configuration": [
              {
                "gateway_load_balancer_frontend_ip_configuration_id": "",
                "name": "wordpress-ip-config",
                "primary": true,
                "private_ip_address": "10.0.1.4",
                "private_ip_address_allocation": "Dynamic",
                "private_ip_address_version": "IPv4",
                "public_ip_address_id": "/subscriptions/d0709ec7-b9bd-4c5c-a45f-d3ff43003015/resourceGroups/rg-terraform/providers/Microsoft.Network/publicIPAddresses/wordpress-ip_public",
                "subnet_id": "/subscriptions/d0709ec7-b9bd-4c5c-a45f-d3ff43003015/resourceGroups/rg-terraform/providers/Microsoft.Network/virtualNetworks/wordpress-vnet/subnets/wordpress-subnet"
              }
            ],
            "ip_forwarding_enabled": false,
            "location": "brazilsouth",
            "mac_address": "",
            "name": "wordpress-nic",
            "private_ip_address": "10.0.1.4",
            "private_ip_addresses": [
              "10.0.1.4"
            ],
            "resource_group_name": "rg-terraform",
            "tags": {},
            "timeouts": null,
            "virtual_machine_id": ""
          },
          "sensitive_attributes": [],
          "private": "eyJlMmJmYjczMC1lY2FhLTExZTYtOGY4OC0zNDM2M2JjN2M0YzAiOnsiY3JlYXRlIjoxODAwMDAwMDAwMDAwLCJkZWxldGUiOjE4MDAwMDAwMDAwMDAsInJlYWQiOjMwMDAwMDAwMDAwMCwidXBkYXRlIjoxODAwMDAwMDAwMDAwfX0=",
          "dependencies": [
            "azurerm_resource_group.rg",
            "module.network.azurerm_public_ip.public_ip",
            "module.network.azurerm_subnet.subnet",
            "module.network.azurerm_virtual_network.vnet"
          ]
        }
      ]
    },
    {
      "module": "module.network",
      "mode": "managed",
      "type": "azurerm_public_ip",
      "name": "public_ip",
      "provider": "provider[\"registry.terraform.io/hashicorp/azurerm\"]",
      "instances": [
        {
          "schema_version": 0,
          "attributes": {
            "allocation_method": "Static",
            "ddos_protection_mode": "VirtualNetworkInherited",
            "ddos_protection_plan_id": null,
            "domain_name_label": null,
            "edge_zone": "",
            "fqdn": null,
            "id": "/subscriptions/d0709ec7-b9bd-4c5c-a45f-d3ff43003015/resourceGroups/rg-terraform/providers/Microsoft.Network/publicIPAddresses/wordpress-ip_public",
            "idle_timeout_in_minutes": 4,
            "ip_address": "104.41.49.200",
            "ip_tags": {},
            "ip_version": "IPv4",
            "location": "brazilsouth",
            "name": "wordpress-ip_public",
            "public_ip_prefix_id": null,
            "resource_group_name": "rg-terraform",
            "reverse_fqdn": null,
            "sku": "Basic",
            "sku_tier": "Regional",
            "tags": {
              "environment": "Dev"
            },
            "timeouts": null,
            "zones": []
          },
          "sensitive_attributes": [],
          "private": "eyJlMmJmYjczMC1lY2FhLTExZTYtOGY4OC0zNDM2M2JjN2M0YzAiOnsiY3JlYXRlIjoxODAwMDAwMDAwMDAwLCJkZWxldGUiOjE4MDAwMDAwMDAwMDAsInJlYWQiOjMwMDAwMDAwMDAwMCwidXBkYXRlIjoxODAwMDAwMDAwMDAwfX0=",
          "dependencies": [
            "azurerm_resource_group.rg"
          ]
        }
      ]
    },
    {
      "module": "module.network",
      "mode": "managed",
      "type": "azurerm_subnet",
      "name": "subnet",
      "provider": "provider[\"registry.terraform.io/hashicorp/azurerm\"]",
      "instances": [
        {
          "schema_version": 0,
          "attributes": {
            "address_prefixes": [
              "10.0.1.0/24"
            ],
            "default_outbound_access_enabled": true,
            "delegation": [],
            "enforce_private_link_endpoint_network_policies": false,
            "enforce_private_link_service_network_policies": false,
            "id": "/subscriptions/d0709ec7-b9bd-4c5c-a45f-d3ff43003015/resourceGroups/rg-terraform/providers/Microsoft.Network/virtualNetworks/wordpress-vnet/subnets/wordpress-subnet",
            "name": "wordpress-subnet",
            "private_endpoint_network_policies": "Enabled",
            "private_endpoint_network_policies_enabled": true,
            "private_link_service_network_policies_enabled": true,
            "resource_group_name": "rg-terraform",
            "service_endpoint_policy_ids": [],
            "service_endpoints": [],
            "timeouts": null,
            "virtual_network_name": "wordpress-vnet"
          },
          "sensitive_attributes": [],
          "private": "eyJlMmJmYjczMC1lY2FhLTExZTYtOGY4OC0zNDM2M2JjN2M0YzAiOnsiY3JlYXRlIjoxODAwMDAwMDAwMDAwLCJkZWxldGUiOjE4MDAwMDAwMDAwMDAsInJlYWQiOjMwMDAwMDAwMDAwMCwidXBkYXRlIjoxODAwMDAwMDAwMDAwfX0=",
          "dependencies": [
            "azurerm_resource_group.rg",
            "module.network.azurerm_virtual_network.vnet"
          ]
        }
      ]
    },
    {
      "module": "module.network",
      "mode": "managed",
      "type": "azurerm_virtual_network",
      "name": "vnet",
      "provider": "provider[\"registry.terraform.io/hashicorp/azurerm\"]",
      "instances": [
        {
          "schema_version": 0,
          "attributes": {
            "address_space": [
              "10.0.0.0/16"
            ],
            "bgp_community": "",
            "ddos_protection_plan": [],
            "dns_servers": [],
            "edge_zone": "",
            "encryption": [],
            "flow_timeout_in_minutes": 0,
            "guid": "7ca29ae7-3019-4d98-98db-6bf4443e4170",
            "id": "/subscriptions/d0709ec7-b9bd-4c5c-a45f-d3ff43003015/resourceGroups/rg-terraform/providers/Microsoft.Network/virtualNetworks/wordpress-vnet",
            "location": "brazilsouth",
            "name": "wordpress-vnet",
            "resource_group_name": "rg-terraform",
            "subnet": [
              {
                "address_prefix": "10.0.1.0/24",
                "id": "/subscriptions/d0709ec7-b9bd-4c5c-a45f-d3ff43003015/resourceGroups/rg-terraform/providers/Microsoft.Network/virtualNetworks/wordpress-vnet/subnets/wordpress-subnet",
                "name": "wordpress-subnet",
                "security_group": ""
              }
            ],
            "tags": {},
            "timeouts": null
          },
          "sensitive_attributes": [],
          "private": "eyJlMmJmYjczMC1lY2FhLTExZTYtOGY4OC0zNDM2M2JjN2M0YzAiOnsiY3JlYXRlIjoxODAwMDAwMDAwMDAwLCJkZWxldGUiOjE4MDAwMDAwMDAwMDAsInJlYWQiOjMwMDAwMDAwMDAwMCwidXBkYXRlIjoxODAwMDAwMDAwMDAwfX0=",
          "dependencies": [
            "azurerm_resource_group.rg"
          ]
        }
      ]
    },
    {
      "module": "module.vm",
      "mode": "managed",
      "type": "azurerm_linux_virtual_machine",
      "name": "vm",
      "provider": "provider[\"registry.terraform.io/hashicorp/azurerm\"]",
      "instances": [
        {
          "schema_version": 0,
          "attributes": {
            "additional_capabilities": [],
            "admin_password": "Gabriell@16",
            "admin_ssh_key": [],
            "admin_username": "gabriella",
            "allow_extension_operations": true,
            "availability_set_id": "",
            "boot_diagnostics": [],
            "bypass_platform_safety_checks_on_user_schedule_enabled": false,
            "capacity_reservation_group_id": "",
            "computer_name": "DesafioVM",
            "custom_data": "DQojIS9iaW4vYmFzaA0KDQojIEF0dWFsaXphciBwYWNvdGVzIGUgc2lzdGVtYQ0Kc3VkbyBhcHQtZ2V0IHVwZGF0ZQ0Kc3VkbyBhcHQtZ2V0IHVwZ3JhZGUgLXkNCg0KIyBJbnN0YWxhciBEb2NrZXINCnN1ZG8gYXB0LWdldCBpbnN0YWxsIGRvY2tlci5pbyAteQ0Kc3VkbyBzeXN0ZW1jdGwgZW5hYmxlIC0tbm93IGRvY2tlcg0Kc3VkbyBzeXN0ZW1jdGwgc3RhcnQgZG9ja2VyDQoNCiMgSW5zdGFsYXIgRG9ja2VyIENvbXBvc2UNCnN1ZG8gY3VybCAtTCAiaHR0cHM6Ly9naXRodWIuY29tL2RvY2tlci9jb21wb3NlL3JlbGVhc2VzL2Rvd25sb2FkLzEuMjkuMi9kb2NrZXItY29tcG9zZS0kKHVuYW1lIC1zKS0kKHVuYW1lIC1tKSIgLW8gL3Vzci9sb2NhbC9iaW4vZG9ja2VyLWNvbXBvc2UNCnN1ZG8gY2htb2QgK3ggL3Vzci9sb2NhbC9iaW4vZG9ja2VyLWNvbXBvc2UNCg0KIyBDcmlhciBkaXJldMOzcmlvIHBhcmEgYXJxdWl2b3MgRG9ja2VyDQpta2RpciAtcCB+L2RvY2tlcl93b3JkcHJlc3MNCmNkIH4vZG9ja2VyX3dvcmRwcmVzcw0KDQojIENyaWFyIGFycXVpdm9zIGRlIHNlZ3JlZG9zDQplY2hvICJHQXVkNG1aYnk4RjNTRDZQIiA+IC4vbXlzcWxfcm9vdF9wYXNzd29yZC50eHQNCmVjaG8gIkdBdWQ0bVpieThGM1NENlAiID4gLi93b3JkcHJlc3NfZGJfcGFzc3dvcmQudHh0DQoNCiMgQ3JpYXIgYXJxdWl2byBkb2NrZXItY29tcG9zZS55bWwNCmNhdCA8PEVPRiA+IGRvY2tlci1jb21wb3NlLnltbA0KdmVyc2lvbjogJzMuOCcNCg0Kc2VydmljZXM6DQogIHdvcmRwcmVzczoNCiAgICBpbWFnZTogd29yZHByZXNzOmxhdGVzdA0KICAgIHJlc3RhcnQ6IGFsd2F5cw0KICAgIHBvcnRzOg0KICAgICAgLSAiODA6ODAiDQogICAgZW52aXJvbm1lbnQ6DQogICAgICBXT1JEUFJFU1NfREJfSE9TVDogZGINCiAgICAgIFdPUkRQUkVTU19EQl9VU0VSOiByb290DQogICAgICBXT1JEUFJFU1NfREJfUEFTU1dPUkRfRklMRTogL3J1bi9zZWNyZXRzL3dvcmRwcmVzc19kYl9wYXNzd29yZA0KICAgICAgV09SRFBSRVNTX0RCX05BTUU6IHdvcmRwcmVzcw0KICAgIHZvbHVtZXM6DQogICAgICAtIHdvcmRwcmVzczovdmFyL3d3dy9odG1sDQogICAgc2VjcmV0czoNCiAgICAgIC0gd29yZHByZXNzX2RiX3Bhc3N3b3JkDQoNCiAgZGI6DQogICAgaW1hZ2U6IG15c3FsOjUuNw0KICAgIHJlc3RhcnQ6IGFsd2F5cw0KICAgIGVudmlyb25tZW50Og0KICAgICAgTVlTUUxfUk9PVF9QQVNTV09SRF9GSUxFOiAvcnVuL3NlY3JldHMvbXlzcWxfcm9vdF9wYXNzd29yZA0KICAgICAgTVlTUUxfREFUQUJBU0U6IHdvcmRwcmVzcw0KICAgIHZvbHVtZXM6DQogICAgICAtIGRiX2RhdGE6L3Zhci9saWIvbXlzcWwNCiAgICBzZWNyZXRzOg0KICAgICAgLSBteXNxbF9yb290X3Bhc3N3b3JkDQoNCnZvbHVtZXM6DQogIHdvcmRwcmVzczoNCiAgZGJfZGF0YToNCg0Kc2VjcmV0czoNCiAgbXlzcWxfcm9vdF9wYXNzd29yZDoNCiAgICBmaWxlOiAuL215c3FsX3Jvb3RfcGFzc3dvcmQudHh0DQogIHdvcmRwcmVzc19kYl9wYXNzd29yZDoNCiAgICBmaWxlOiAuL3dvcmRwcmVzc19kYl9wYXNzd29yZC50eHQNCkVPRg0KDQojIFN1YmlyIGNvbnRhaW5lcnMgY29tIERvY2tlciBDb21wb3NlDQpzdWRvIGRvY2tlci1jb21wb3NlIHVwIC1kDQoNCiMgRXNwZXJhciBhbGd1bnMgc2VndW5kb3MgcGFyYSBnYXJhbnRpciBxdWUgb3MgY29udGFpbmVycyBlc3TDo28gaW5pY2lhbGl6YWRvcw0Kc2xlZXAgMzANCg0KIyBWZXJpZmljYXIgbyBzdGF0dXMgZG9zIGNvbnRhaW5lcnMNCnN1ZG8gZG9ja2VyLWNvbXBvc2UgcHMNCg==",
            "dedicated_host_group_id": "",
            "dedicated_host_id": "",
            "disable_password_authentication": false,
            "disk_controller_type": "",
            "edge_zone": "",
            "encryption_at_host_enabled": false,
            "eviction_policy": "",
            "extensions_time_budget": "PT1H30M",
            "gallery_application": [],
            "id": "/subscriptions/d0709ec7-b9bd-4c5c-a45f-d3ff43003015/resourceGroups/rg-terraform/providers/Microsoft.Compute/virtualMachines/DesafioVM",
            "identity": [],
            "license_type": "",
            "location": "brazilsouth",
            "max_bid_price": -1,
            "name": "DesafioVM",
            "network_interface_ids": [
              "/subscriptions/d0709ec7-b9bd-4c5c-a45f-d3ff43003015/resourceGroups/rg-terraform/providers/Microsoft.Network/networkInterfaces/wordpress-nic"
            ],
            "os_disk": [
              {
                "caching": "ReadWrite",
                "diff_disk_settings": [],
                "disk_encryption_set_id": "",
                "disk_size_gb": 30,
                "name": "DesafioVM_OsDisk_1_2a14a244f7054841a3d378bdf2ecd2cd",
                "secure_vm_disk_encryption_set_id": "",
                "security_encryption_type": "",
                "storage_account_type": "Standard_LRS",
                "write_accelerator_enabled": false
              }
            ],
            "os_image_notification": [],
            "patch_assessment_mode": "ImageDefault",
            "patch_mode": "ImageDefault",
            "plan": [],
            "platform_fault_domain": -1,
            "priority": "Regular",
            "private_ip_address": "10.0.1.4",
            "private_ip_addresses": [
              "10.0.1.4"
            ],
            "provision_vm_agent": true,
            "proximity_placement_group_id": "",
            "public_ip_address": "104.41.49.200",
            "public_ip_addresses": [
              "104.41.49.200"
            ],
            "reboot_setting": "",
            "resource_group_name": "rg-terraform",
            "secret": [],
            "secure_boot_enabled": false,
            "size": "Standard_B1s",
            "source_image_id": "",
            "source_image_reference": [
              {
                "offer": "UbuntuServer",
                "publisher": "Canonical",
                "sku": "18.04-LTS",
                "version": "latest"
              }
            ],
            "tags": {
              "environment": "Development"
            },
            "termination_notification": null,
            "timeouts": null,
            "user_data": "",
            "virtual_machine_id": "a5325689-4708-4a83-a366-532bdc7d6b87",
            "virtual_machine_scale_set_id": "",
            "vm_agent_platform_updates_enabled": false,
            "vtpm_enabled": false,
            "zone": ""
          },
          "sensitive_attributes": [
            [
              {
                "type": "get_attr",
                "value": "custom_data"
              }
            ],
            [
              {
                "type": "get_attr",
                "value": "admin_password"
              }
            ]
          ],
          "private": "eyJlMmJmYjczMC1lY2FhLTExZTYtOGY4OC0zNDM2M2JjN2M0YzAiOnsiY3JlYXRlIjoyNzAwMDAwMDAwMDAwLCJkZWxldGUiOjI3MDAwMDAwMDAwMDAsInJlYWQiOjMwMDAwMDAwMDAwMCwidXBkYXRlIjoyNzAwMDAwMDAwMDAwfX0=",
          "dependencies": [
            "azurerm_resource_group.rg",
            "module.network.azurerm_network_interface.nic",
            "module.network.azurerm_public_ip.public_ip",
            "module.network.azurerm_subnet.subnet",
            "module.network.azurerm_virtual_network.vnet"
          ]
        }
      ]
    }
  ],
  "check_results": null
}
